
Microsoft Visual Studio Solution File, Format Version 12.00
# Visual Studio 15
VisualStudioVersion = 15.0.27428.2005
MinimumVisualStudioVersion = 10.0.40219.1
Project("{8BC9CEB8-8B4A-11D0-8D11-00A0C91BC942}") = "exercise1.2", "exercise1.2\exercise1.2.vcxproj", "{B7EA7A3F-D0AB-44B0-817A-1327D41D535D}"
EndProject
Global
	GlobalSection(SolutionConfigurationPlatforms) = preSolution
		Debug|x64 = Debug|x64
		Debug|x86 = Debug|x86
		Release|x64 = Release|x64
		Release|x86 = Release|x86
	EndGlobalSection
	GlobalSection(ProjectConfigurationPlatforms) = postSolution
		{B7EA7A3F-D0AB-44B0-817A-1327D41D535D}.Debug|x64.ActiveCfg = Debug|x64
		{B7EA7A3F-D0AB-44B0-817A-1327D41D535D}.Debug|x64.Build.0 = Debug|x64
		{B7EA7A3F-D0AB-44B0-817A-1327D41D535D}.Debug|x86.ActiveCfg = Debug|Win32
		{B7EA7A3F-D0AB-44B0-817A-1327D41D535D}.Debug|x86.Build.0 = Debug|Win32
		{B7EA7A3F-D0AB-44B0-817A-1327D41D535D}.Release|x64.ActiveCfg = Release|x64
		{B7EA7A3F-D0AB-44B0-817A-1327D41D535D}.Release|x64.Build.0 = Release|x64
		{B7EA7A3F-D0AB-44B0-817A-1327D41D535D}.Release|x86.ActiveCfg = Release|Win32
		{B7EA7A3F-D0AB-44B0-817A-1327D41D535D}.Release|x86.Build.0 = Release|Win32
	EndGlobalSection
	GlobalSection(SolutionProperties) = preSolution
		HideSolutionNode = FALSE
	EndGlobalSection
	GlobalSection(ExtensibilityGlobals) = postSolution
		SolutionGuid = {92BAE247-E314-48F5-B360-8D6A5570DF9C}
	EndGlobalSection
EndGlobal
